
Microsoft Visual Studio Solution File, Format Version 12.00
# Visual Studio Version 17
VisualStudioVersion = 17.14.36203.30 d17.14
MinimumVisualStudioVersion = 10.0.40219.1
Project("{FAE04EC0-301F-11D3-BF4B-00C04F79EFBC}") = "holaMundo", "holaMundo\holaMundo.csproj", "{4FC29A4D-9432-4B21-A1F6-97EDB892EFDD}"
EndProject
Global
	GlobalSection(SolutionConfigurationPlatforms) = preSolution
		Debug|Any CPU = Debug|Any CPU
		Release|Any CPU = Release|Any CPU
	EndGlobalSection
	GlobalSection(ProjectConfigurationPlatforms) = postSolution
		{4FC29A4D-9432-4B21-A1F6-97EDB892EFDD}.Debug|Any CPU.ActiveCfg = Debug|Any CPU
		{4FC29A4D-9432-4B21-A1F6-97EDB892EFDD}.Debug|Any CPU.Build.0 = Debug|Any CPU
		{4FC29A4D-9432-4B21-A1F6-97EDB892EFDD}.Release|Any CPU.ActiveCfg = Release|Any CPU
		{4FC29A4D-9432-4B21-A1F6-97EDB892EFDD}.Release|Any CPU.Build.0 = Release|Any CPU
	EndGlobalSection
	GlobalSection(SolutionProperties) = preSolution
		HideSolutionNode = FALSE
	EndGlobalSection
	GlobalSection(ExtensibilityGlobals) = postSolution
		SolutionGuid = {D17EEB03-5343-4888-B32D-8E8677F94AEF}
	EndGlobalSection
EndGlobal
